
Microsoft Visual Studio Solution File, Format Version 12.00
# Visual Studio Version 16
VisualStudioVersion = 16.0.31313.79
MinimumVisualStudioVersion = 10.0.40219.1
Project("{FAE04EC0-301F-11D3-BF4B-00C04F79EFBC}") = "TomCat", "src\TomCat\TomCat.csproj", "{00FD09C7-6491-4ED4-A1A4-68ABAC86F9A0}"
EndProject
Project("{FAE04EC0-301F-11D3-BF4B-00C04F79EFBC}") = "TomCat.Server", "src\TomCat.Server\TomCat.Server.csproj", "{F8F8EEEE-98FF-4134-BF6B-39EA229E5EF2}"
EndProject
Project("{FAE04EC0-301F-11D3-BF4B-00C04F79EFBC}") = "TomCat.Hub", "src\TomCat.Hub\TomCat.Hub.csproj", "{19C211B5-D4FF-4504-8B0B-2E5412EA8B65}"
EndProject
Global
	GlobalSection(SolutionConfigurationPlatforms) = preSolution
		Debug|Any CPU = Debug|Any CPU
		Release|Any CPU = Release|Any CPU
	EndGlobalSection
	GlobalSection(ProjectConfigurationPlatforms) = postSolution
		{00FD09C7-6491-4ED4-A1A4-68ABAC86F9A0}.Debug|Any CPU.ActiveCfg = Debug|Any CPU
		{00FD09C7-6491-4ED4-A1A4-68ABAC86F9A0}.Debug|Any CPU.Build.0 = Debug|Any CPU
		{00FD09C7-6491-4ED4-A1A4-68ABAC86F9A0}.Release|Any CPU.ActiveCfg = Release|Any CPU
		{00FD09C7-6491-4ED4-A1A4-68ABAC86F9A0}.Release|Any CPU.Build.0 = Release|Any CPU
		{F8F8EEEE-98FF-4134-BF6B-39EA229E5EF2}.Debug|Any CPU.ActiveCfg = Debug|Any CPU
		{F8F8EEEE-98FF-4134-BF6B-39EA229E5EF2}.Debug|Any CPU.Build.0 = Debug|Any CPU
		{F8F8EEEE-98FF-4134-BF6B-39EA229E5EF2}.Release|Any CPU.ActiveCfg = Release|Any CPU
		{F8F8EEEE-98FF-4134-BF6B-39EA229E5EF2}.Release|Any CPU.Build.0 = Release|Any CPU
		{19C211B5-D4FF-4504-8B0B-2E5412EA8B65}.Debug|Any CPU.ActiveCfg = Debug|Any CPU
		{19C211B5-D4FF-4504-8B0B-2E5412EA8B65}.Debug|Any CPU.Build.0 = Debug|Any CPU
		{19C211B5-D4FF-4504-8B0B-2E5412EA8B65}.Release|Any CPU.ActiveCfg = Release|Any CPU
		{19C211B5-D4FF-4504-8B0B-2E5412EA8B65}.Release|Any CPU.Build.0 = Release|Any CPU
	EndGlobalSection
	GlobalSection(SolutionProperties) = preSolution
		HideSolutionNode = FALSE
	EndGlobalSection
	GlobalSection(ExtensibilityGlobals) = postSolution
		SolutionGuid = {30CDE44F-4F30-4755-B9AD-4D13BFD2160F}
	EndGlobalSection
EndGlobal
